// !$*UTF8*$!
{
	archiveVersion = 1;
	classes = {
	};
	objectVersion = 46;
	objects = {

/* Begin PBXBuildFile section */
		FB72A9D21DBE4E06000E4BA1 /* main.m in Sources */ = {isa = PBXBuildFile; fileRef = FB72A9D11DBE4E06000E4BA1 /* main.m */; };
		FB72A9D51DBE4E06000E4BA1 /* AppDelegate.m in Sources */ = {isa = PBXBuildFile; fileRef = FB72A9D41DBE4E06000E4BA1 /* AppDelegate.m */; };
		FB72A9D81DBE4E06000E4BA1 /* ViewController.m in Sources */ = {isa = PBXBuildFile; fileRef = FB72A9D71DBE4E06000E4BA1 /* ViewController.m */; };
		FB72A9DB1DBE4E06000E4BA1 /* Main.storyboard in Resources */ = {isa = PBXBuildFile; fileRef = FB72A9D91DBE4E06000E4BA1 /* Main.storyboard */; };
		FB72A9DD1DBE4E06000E4BA1 /* Assets.xcassets in Resources */ = {isa = PBXBuildFile; fileRef = FB72A9DC1DBE4E06000E4BA1 /* Assets.xcassets */; };
		FB72A9E01DBE4E06000E4BA1 /* LaunchScreen.storyboard in Resources */ = {isa = PBXBuildFile; fileRef = FB72A9DE1DBE4E06000E4BA1 /* LaunchScreen.storyboard */; };
/* End PBXBuildFile section */

/* Begin PBXFileReference section */
		FB72A9CD1DBE4E06000E4BA1 /* sina.app */ = {isa = PBXFileReference; explicitFileType = wrapper.application; includeInIndex = 0; path = sina.app; sourceTree = BUILT_PRODUCTS_DIR; };
		FB72A9D11DBE4E06000E4BA1 /* main.m */ = {isa = PBXFileReference; lastKnownFileType = sourcecode.c.objc; path = main.m; sourceTree = "<group>"; };
		FB72A9D31DBE4E06000E4BA1 /* AppDelegate.h */ = {isa = PBXFileReference; lastKnownFileType = sourcecode.c.h; path = AppDelegate.h; sourceTree = "<group>"; };
		FB72A9D41DBE4E06000E4BA1 /* AppDelegate.m */ = {isa = PBXFileReference; lastKnownFileType = sourcecode.c.objc; path = AppDelegate.m; sourceTree = "<group>"; };
		FB72A9D61DBE4E06000E4BA1 /* ViewController.h */ = {isa = PBXFileReference; lastKnownFileType = sourcecode.c.h; path = ViewController.h; sourceTree = "<group>"; };
		FB72A9D71DBE4E06000E4BA1 /* ViewController.m */ = {isa = PBXFileReference; lastKnownFileType = sourcecode.c.objc; path = ViewController.m; sourceTree = "<group>"; };
		FB72A9DA1DBE4E06000E4BA1 /* Base */ = {isa = PBXFileReference; lastKnownFileType = file.storyboard; name = Base; path = Base.lproj/Main.storyboard; sourceTree = "<group>"; };
		FB72A9DC1DBE4E06000E4BA1 /* Assets.xcassets */ = {isa = PBXFileReference; lastKnownFileType = folder.assetcatalog; path = Assets.xcassets; sourceTree = "<group>"; };
		FB72A9DF1DBE4E06000E4BA1 /* Base */ = {isa = PBXFileReference; lastKnownFileType = file.storyboard; name = Base; path = Base.lproj/LaunchScreen.storyboard; sourceTree = "<group>"; };
		FB72A9E11DBE4E06000E4BA1 /* Info.plist */ = {isa = PBXFileReference; lastKnownFileType = text.plist.xml; path = Info.plist; sourceTree = "<group>"; };
/* End PBXFileReference section */

/* Begin PBXFrameworksBuildPhase section */
		FB72A9CA1DBE4E06000E4BA1 /* Frameworks */ = {
			isa = PBXFrameworksBuildPhase;
			buildActionMask = 2147483647;
			files = (
			);
			runOnlyForDeploymentPostprocessing = 0;
		};
/* End PBXFrameworksBuildPhase section */

/* Begin PBXGroup section */
		FB72A9C41DBE4E06000E4BA1 = {
			isa = PBXGroup;
			children = (
				FB72A9CF1DBE4E06000E4BA1 /* sina */,
				FB72A9CE1DBE4E06000E4BA1 /* Products */,
			);
			sourceTree = "<group>";
		};
		FB72A9CE1DBE4E06000E4BA1 /* Products */ = {
			isa = PBXGroup;
			children = (
				FB72A9CD1DBE4E06000E4BA1 /* sina.app */,
			);
			name = Products;
			sourceTree = "<group>";
		};
		FB72A9CF1DBE4E06000E4BA1 /* sina */ = {
			isa = PBXGroup;
			children = (
				FB72A9D31DBE4E06000E4BA1 /* AppDelegate.h */,
				FB72A9D41DBE4E06000E4BA1 /* AppDelegate.m */,
				FB72A9D61DBE4E06000E4BA1 /* ViewController.h */,
				FB72A9D71DBE4E06000E4BA1 /* ViewController.m */,
				FB72A9D91DBE4E06000E4BA1 /* Main.storyboard */,
				FB72A9DC1DBE4E06000E4BA1 /* Assets.xcassets */,
				FB72A9DE1DBE4E06000E4BA1 /* LaunchScreen.storyboard */,
				FB72A9E11DBE4E06000E4BA1 /* Info.plist */,
				FB72A9D01DBE4E06000E4BA1 /* Supporting Files */,
			);
			path = sina;
			sourceTree = "<group>";
		};
		FB72A9D01DBE4E06000E4BA1 /* Supporting Files */ = {
			isa = PBXGroup;
			children = (
				FB72A9D11DBE4E06000E4BA1 /* main.m */,
			);
			name = "Supporting Files";
			sourceTree = "<group>";
		};
/* End PBXGroup section */

/* Begin PBXNativeTarget section */
		FB72A9CC1DBE4E06000E4BA1 /* sina */ = {
			isa = PBXNativeTarget;
			buildConfigurationList = FB72A9E41DBE4E06000E4BA1 /* Build configuration list for PBXNativeTarget "sina" */;
			buildPhases = (
				FB72A9C91DBE4E06000E4BA1 /* Sources */,
				FB72A9CA1DBE4E06000E4BA1 /* Frameworks */,
				FB72A9CB1DBE4E06000E4BA1 /* Resources */,
			);
			buildRules = (
			);
			dependencies = (
			);
			name = sina;
			productName = sina;
			productReference = FB72A9CD1DBE4E06000E4BA1 /* sina.app */;
			productType = "com.apple.product-type.application";
		};
/* End PBXNativeTarget section */

/* Begin PBXProject section */
		FB72A9C51DBE4E06000E4BA1 /* Project object */ = {
			isa = PBXProject;
			attributes = {
				LastUpgradeCheck = 0730;
				ORGANIZATIONNAME = companyName;
				TargetAttributes = {
					FB72A9CC1DBE4E06000E4BA1 = {
						CreatedOnToolsVersion = 7.3;
					};
				};
			};
			buildConfigurationList = FB72A9C81DBE4E06000E4BA1 /* Build configuration list for PBXProject "sina" */;
			compatibilityVersion = "Xcode 3.2";
			developmentRegion = English;
			hasScannedForEncodings = 0;
			knownRegions = (
				en,
				Base,
			);
			mainGroup = FB72A9C41DBE4E06000E4BA1;
			productRefGroup = FB72A9CE1DBE4E06000E4BA1 /* Products */;
			projectDirPath = "";
			projectRoot = "";
			targets = (
				FB72A9CC1DBE4E06000E4BA1 /* sina */,
			);
		};
/* End PBXProject section */

/* Begin PBXResourcesBuildPhase section */
		FB72A9CB1DBE4E06000E4BA1 /* Resources */ = {
			isa = PBXResourcesBuildPhase;
			buildActionMask = 2147483647;
			files = (
				FB72A9E01DBE4E06000E4BA1 /* LaunchScreen.storyboard in Resources */,
				FB72A9DD1DBE4E06000E4BA1 /* Assets.xcassets in Resources */,
				FB72A9DB1DBE4E06000E4BA1 /* Main.storyboard in Resources */,
			);
			runOnlyForDeploymentPostprocessing = 0;
		};
/* End PBXResourcesBuildPhase section */

/* Begin PBXSourcesBuildPhase section */
		FB72A9C91DBE4E06000E4BA1 /* Sources */ = {
			isa = PBXSourcesBuildPhase;
			buildActionMask = 2147483647;
			files = (
				FB72A9D81DBE4E06000E4BA1 /* ViewController.m in Sources */,
				FB72A9D51DBE4E06000E4BA1 /* AppDelegate.m in Sources */,
				FB72A9D21DBE4E06000E4BA1 /* main.m in Sources */,
			);
			runOnlyForDeploymentPostprocessing = 0;
		};
/* End PBXSourcesBuildPhase section */

/* Begin PBXVariantGroup section */
		FB72A9D91DBE4E06000E4BA1 /* Main.storyboard */ = {
			isa = PBXVariantGroup;
			children = (
				FB72A9DA1DBE4E06000E4BA1 /* Base */,
			);
			name = Main.storyboard;
			sourceTree = "<group>";
		};
		FB72A9DE1DBE4E06000E4BA1 /* LaunchScreen.storyboard */ = {
			isa = PBXVariantGroup;
			children = (
				FB72A9DF1DBE4E06000E4BA1 /* Base */,
			);
			name = LaunchScreen.storyboard;
			sourceTree = "<group>";
		};
/* End PBXVariantGroup section */

/* Begin XCBuildConfiguration section */
		FB72A9E21DBE4E06000E4BA1 /* Debug */ = {
			isa = XCBuildConfiguration;
			buildSettings = {
				ALWAYS_SEARCH_USER_PATHS = NO;
				CLANG_ANALYZER_NONNULL = YES;
				CLANG_CXX_LANGUAGE_STANDARD = "gnu++0x";
				CLANG_CXX_LIBRARY = "libc++";
				CLANG_ENABLE_MODULES = YES;
				CLANG_ENABLE_OBJC_ARC = YES;
				CLANG_WARN_BOOL_CONVERSION = YES;
				CLANG_WARN_CONSTANT_CONVERSION = YES;
				CLANG_WARN_DIRECT_OBJC_ISA_USAGE = YES_ERROR;
				CLANG_WARN_EMPTY_BODY = YES;
				CLANG_WARN_ENUM_CONVERSION = YES;
				CLANG_WARN_INT_CONVERSION = YES;
				CLANG_WARN_OBJC_ROOT_CLASS = YES_ERROR;
				CLANG_WARN_UNREACHABLE_CODE = YES;
				CLANG_WARN__DUPLICATE_METHOD_MATCH = YES;
				"CODE_SIGN_IDENTITY[sdk=iphoneos*]" = "iPhone Developer";
				COPY_PHASE_STRIP = NO;
				DEBUG_INFORMATION_FORMAT = dwarf;
				ENABLE_STRICT_OBJC_MSGSEND = YES;
				ENABLE_TESTABILITY = YES;
				GCC_C_LANGUAGE_STANDARD = gnu99;
				GCC_DYNAMIC_NO_PIC = NO;
				GCC_NO_COMMON_BLOCKS = YES;
				GCC_OPTIMIZATION_LEVEL = 0;
				GCC_PREPROCESSOR_DEFINITIONS = (
					"DEBUG=1",
					"$(inherited)",
				);
				GCC_WARN_64_TO_32_BIT_CONVERSION = YES;
				GCC_WARN_ABOUT_RETURN_TYPE = YES_ERROR;
				GCC_WARN_UNDECLARED_SELECTOR = YES;
				GCC_WARN_UNINITIALIZED_AUTOS = YES_AGGRESSIVE;
				GCC_WARN_UNUSED_FUNCTION = YES;
				GCC_WARN_UNUSED_VARIABLE = YES;
				IPHONEOS_DEPLOYMENT_TARGET = 9.3;
				MTL_ENABLE_DEBUG_INFO = YES;
				ONLY_ACTIVE_ARCH = YES;
				SDKROOT = iphoneos;
				TARGETED_DEVICE_FAMILY = "1,2";
			};
			name = Debug;
		};
		FB72A9E31DBE4E06000E4BA1 /* Release */ = {
			isa = XCBuildConfiguration;
			buildSettings = {
				ALWAYS_SEARCH_USER_PATHS = NO;
				CLANG_ANALYZER_NONNULL = YES;
				CLANG_CXX_LANGUAGE_STANDARD = "gnu++0x";
				CLANG_CXX_LIBRARY = "libc++";
				CLANG_ENABLE_MODULES = YES;
				CLANG_ENABLE_OBJC_ARC = YES;
				CLANG_WARN_BOOL_CONVERSION = YES;
				CLANG_WARN_CONSTANT_CONVERSION = YES;
				CLANG_WARN_DIRECT_OBJC_ISA_USAGE = YES_ERROR;
				CLANG_WARN_EMPTY_BODY = YES;
				CLANG_WARN_ENUM_CONVERSION = YES;
				CLANG_WARN_INT_CONVERSION = YES;
				CLANG_WARN_OBJC_ROOT_CLASS = YES_ERROR;
				CLANG_WARN_UNREACHABLE_CODE = YES;
				CLANG_WARN__DUPLICATE_METHOD_MATCH = YES;
				"CODE_SIGN_IDENTITY[sdk=iphoneos*]" = "iPhone Developer";
				COPY_PHASE_STRIP = NO;
				DEBUG_INFORMATION_FORMAT = "dwarf-with-dsym";
				ENABLE_NS_ASSERTIONS = NO;
				ENABLE_STRICT_OBJC_MSGSEND = YES;
				GCC_C_LANGUAGE_STANDARD = gnu99;
				GCC_NO_COMMON_BLOCKS = YES;
				GCC_WARN_64_TO_32_BIT_CONVERSION = YES;
				GCC_WARN_ABOUT_RETURN_TYPE = YES_ERROR;
				GCC_WARN_UNDECLARED_SELECTOR = YES;
				GCC_WARN_UNINITIALIZED_AUTOS = YES_AGGRESSIVE;
				GCC_WARN_UNUSED_FUNCTION = YES;
				GCC_WARN_UNUSED_VARIABLE = YES;
				IPHONEOS_DEPLOYMENT_TARGET = 9.3;
				MTL_ENABLE_DEBUG_INFO = NO;
				SDKROOT = iphoneos;
				TARGETED_DEVICE_FAMILY = "1,2";
				VALIDATE_PRODUCT = YES;
			};
			name = Release;
		};
		FB72A9E51DBE4E06000E4BA1 /* Debug */ = {
			isa = XCBuildConfiguration;
			buildSettings = {
				ASSETCATALOG_COMPILER_APPICON_NAME = AppIcon;
				INFOPLIST_FILE = sina/Info.plist;
				LD_RUNPATH_SEARCH_PATHS = "$(inherited) @executable_path/Frameworks";
				PRODUCT_BUNDLE_IDENTIFIER = companynet.comofLRW.sina;
				PRODUCT_NAME = "$(TARGET_NAME)";
			};
			name = Debug;
		};
		FB72A9E61DBE4E06000E4BA1 /* Release */ = {
			isa = XCBuildConfiguration;
			buildSettings = {
				ASSETCATALOG_COMPILER_APPICON_NAME = AppIcon;
				INFOPLIST_FILE = sina/Info.plist;
				LD_RUNPATH_SEARCH_PATHS = "$(inherited) @executable_path/Frameworks";
				PRODUCT_BUNDLE_IDENTIFIER = companynet.comofLRW.sina;
				PRODUCT_NAME = "$(TARGET_NAME)";
			};
			name = Release;
		};
/* End XCBuildConfiguration section */

/* Begin XCConfigurationList section */
		FB72A9C81DBE4E06000E4BA1 /* Build configuration list for PBXProject "sina" */ = {
			isa = XCConfigurationList;
			buildConfigurations = (
				FB72A9E21DBE4E06000E4BA1 /* Debug */,
				FB72A9E31DBE4E06000E4BA1 /* Release */,
			);
			defaultConfigurationIsVisible = 0;
			defaultConfigurationName = Release;
		};
		FB72A9E41DBE4E06000E4BA1 /* Build configuration list for PBXNativeTarget "sina" */ = {
			isa = XCConfigurationList;
			buildConfigurations = (
				FB72A9E51DBE4E06000E4BA1 /* Debug */,
				FB72A9E61DBE4E06000E4BA1 /* Release */,
			);
			defaultConfigurationIsVisible = 0;
		};
/* End XCConfigurationList section */
	};
	rootObject = FB72A9C51DBE4E06000E4BA1 /* Project object */;
}
